
Microsoft Visual Studio Solution File, Format Version 12.00
# Visual Studio Version 17
Project("{8BC9CEB8-8B4A-11D0-8D11-00A0C91BC942}") = "KismetDecompiler", "KismetDecompiler.vcxproj", "{96C2453D-82BB-648F-ABED-49149745449B}"
EndProject
Global
	GlobalSection(SolutionConfigurationPlatforms) = preSolution
		Release|x64 = Release|x64
	EndGlobalSection
	GlobalSection(ProjectConfigurationPlatforms) = postSolution
		{96C2453D-82BB-648F-ABED-49149745449B}.Release|x64.ActiveCfg = Release|x64
		{96C2453D-82BB-648F-ABED-49149745449B}.Release|x64.Build.0 = Release|x64
	EndGlobalSection
	GlobalSection(SolutionProperties) = preSolution
		HideSolutionNode = FALSE
	EndGlobalSection
EndGlobal
